
Microsoft Visual Studio Solution File, Format Version 12.00
# Visual Studio Version 17
VisualStudioVersion = 17.10.35027.167
MinimumVisualStudioVersion = 10.0.40219.1
Project("{9A19103F-16F7-4668-BE54-9A1E7A4F7556}") = "CSharpEducation.Practice", "CSharpEducation.Practice\CSharpEducation.Practice.csproj", "{9FC99F05-C4FA-49CA-B76D-C8B4623BCB71}"
EndProject
Project("{9A19103F-16F7-4668-BE54-9A1E7A4F7556}") = "Practice1.Task1A", "Task1.CSharpBase\Practice1.Task1A.csproj", "{9735E64F-698E-453A-B1B2-0E6B5A48EBCF}"
EndProject
Project("{2150E333-8FDC-42A3-9474-1A3956D46DE8}") = "Practice1", "Practice1", "{A4EDF6E7-E988-4D05-B0DF-9E823D47E204}"
EndProject
Project("{9A19103F-16F7-4668-BE54-9A1E7A4F7556}") = "Task1B", "Practice1\Task1B\Task1B.csproj", "{D0D55160-F6A7-4F47-9FE2-23BBA62E9D38}"
EndProject
Project("{9A19103F-16F7-4668-BE54-9A1E7A4F7556}") = "Practice1.Task2", "Practice1\Task2\Practice1.Task2.csproj", "{1D357B9C-EB8D-41BD-887C-7C53C3AB9C33}"
EndProject
Project("{9A19103F-16F7-4668-BE54-9A1E7A4F7556}") = "Practice1.Task3", "Practice1\Task3\Practice1.Task3.csproj", "{8F1A03E4-386F-4E57-86DB-8F218F4DC356}"
EndProject
Project("{9A19103F-16F7-4668-BE54-9A1E7A4F7556}") = "Practice1.Task4", "Practice1\Task4\Practice1.Task4.csproj", "{F8AA883E-E3FB-4E0C-9403-6F3271E74E12}"
EndProject
Project("{9A19103F-16F7-4668-BE54-9A1E7A4F7556}") = "Practice1.Task5", "Practice1\Task5\Practice1.Task5.csproj", "{B13C3876-258D-439A-B2E2-DBBE0750A141}"
EndProject
Project("{9A19103F-16F7-4668-BE54-9A1E7A4F7556}") = "Practice1.Task6", "Practice1\Task6\Practice1.Task6.csproj", "{23E0C9BA-87EA-4E98-BDCA-B58746843A9F}"
EndProject
Project("{2150E333-8FDC-42A3-9474-1A3956D46DE8}") = "Practice2", "Practice2", "{B2F449B6-0700-486A-A68B-D6A64A97D142}"
EndProject
Project("{9A19103F-16F7-4668-BE54-9A1E7A4F7556}") = "Practice2.Task1", "Practice2\Practice2.Task1\Practice2.Task1.csproj", "{E3DF24F2-D898-4E44-9187-2815E15B0A05}"
EndProject
Project("{9A19103F-16F7-4668-BE54-9A1E7A4F7556}") = "Practice2.Task2", "Practice2\Practice2.Task2\Practice2.Task2.csproj", "{FAD2E27D-D861-4669-A684-19C4F7B6E0F8}"
EndProject
Project("{9A19103F-16F7-4668-BE54-9A1E7A4F7556}") = "Practice2.Task3", "Practice2\Practice2.Task3\Practice2.Task3.csproj", "{0BD50B20-B16A-4A27-95DD-A3228879B5F4}"
EndProject
Project("{9A19103F-16F7-4668-BE54-9A1E7A4F7556}") = "Practice2.Task4", "Practice2\Practice2.Task4\Practice2.Task4.csproj", "{87D0446F-5A57-4361-829E-E933A946FD8B}"
EndProject
Project("{9A19103F-16F7-4668-BE54-9A1E7A4F7556}") = "Practice2.Task5", "Practice2\Practice2.Task5\Practice2.Task5.csproj", "{DA906C42-4401-41E0-9821-821A3A3966A6}"
EndProject
Project("{9A19103F-16F7-4668-BE54-9A1E7A4F7556}") = "Practice2.Task6", "Practice2\Practice2.Task6\Practice2.Task6.csproj", "{070255DD-46E2-4316-A878-E9E65C9BADD6}"
EndProject
Project("{9A19103F-16F7-4668-BE54-9A1E7A4F7556}") = "Practice2.Task7", "Practice2\Practice2.Task7\Practice2.Task7.csproj", "{BE8747BF-3B5B-4E78-993A-CB733BADAF08}"
EndProject
Project("{9A19103F-16F7-4668-BE54-9A1E7A4F7556}") = "Practice2.Task8", "Practice2\Practice2.Task8\Practice2.Task8.csproj", "{CD81F1ED-73EC-4678-9A76-193C1AF1FFD5}"
EndProject
Project("{9A19103F-16F7-4668-BE54-9A1E7A4F7556}") = "Practice2.Task9", "Practice2\Practice2.Task9\Practice2.Task9.csproj", "{9084CB8B-EFE2-435E-995D-901E42C0C8E9}"
EndProject
Project("{9A19103F-16F7-4668-BE54-9A1E7A4F7556}") = "Practice2.Task10", "Practice2\Practice2.Tack10\Practice2.Task10.csproj", "{DCB7E6AF-2DD1-498A-8E0E-E25F171D8B17}"
EndProject
Project("{9A19103F-16F7-4668-BE54-9A1E7A4F7556}") = "Practice2.Task11", "Practice2\Practice2.Task11\Practice2.Task11.csproj", "{E7A1A50E-B888-4559-B6B4-5405DFCF5A88}"
EndProject
Project("{9A19103F-16F7-4668-BE54-9A1E7A4F7556}") = "Practice2.Task12", "Practice2\Practice2.Task12\Practice2.Task12.csproj", "{697B0C76-4046-40AD-86AA-BC310D4B11F9}"
EndProject
Project("{9A19103F-16F7-4668-BE54-9A1E7A4F7556}") = "Practice2.Task13", "Practice2\Practice2.Task13\Practice2.Task13.csproj", "{7C5E8F96-CC3B-4E07-A605-2104FA56E9A2}"
EndProject
Project("{9A19103F-16F7-4668-BE54-9A1E7A4F7556}") = "Practice2.Task14", "Practice2\Practice2.Task14\Practice2.Task14.csproj", "{C95C4390-9DE4-4FDA-A72B-5B9D47571DF6}"
EndProject
Project("{9A19103F-16F7-4668-BE54-9A1E7A4F7556}") = "Practice2.Task15", "Practice2\Practice2.Task15\Practice2.Task15.csproj", "{A1FAEE04-9C49-4C6D-8ABF-9D01A080D378}"
EndProject
Project("{9A19103F-16F7-4668-BE54-9A1E7A4F7556}") = "Practice2.Task16", "Practice2\Practice2.Task16\Practice2.Task16.csproj", "{C757DB14-A733-4595-B04C-66A272FFB254}"
EndProject
Project("{9A19103F-16F7-4668-BE54-9A1E7A4F7556}") = "Practice2.Task17", "Practice2\Practice2.Task17\Practice2.Task17.csproj", "{D3539AFD-5DD5-408C-82C5-A65BCCE40D4E}"
EndProject
Project("{9A19103F-16F7-4668-BE54-9A1E7A4F7556}") = "Practice2.Task18", "Practice2\Practice2.Task18\Practice2.Task18.csproj", "{56544529-F169-4A3F-A54F-595A212FEC3A}"
EndProject
Project("{9A19103F-16F7-4668-BE54-9A1E7A4F7556}") = "Practice2.Task19", "Practice2\Practice2.Task19\Practice2.Task19.csproj", "{E69CCA64-67E9-47E0-8BB7-DA78F872101E}"
EndProject
Project("{9A19103F-16F7-4668-BE54-9A1E7A4F7556}") = "Practice2.Task20", "Practice2\Practice2.Task20\Practice2.Task20.csproj", "{0C2D6F55-22E7-4970-AE97-E209A1ADD55C}"
EndProject
Project("{9A19103F-16F7-4668-BE54-9A1E7A4F7556}") = "Practice2.Task21", "Practice2\Practice2.Task21\Practice2.Task21.csproj", "{B03B8691-B296-4B01-AF0F-3F138D551D9D}"
EndProject
Project("{9A19103F-16F7-4668-BE54-9A1E7A4F7556}") = "Practice2.Task22", "Practice2\Practice2.Task22\Practice2.Task22.csproj", "{6D5C7D01-80F6-4D95-AD8B-41FB7CBA7852}"
EndProject
Project("{9A19103F-16F7-4668-BE54-9A1E7A4F7556}") = "Practice2.Task23", "Practice2\Practice2.Task23\Practice2.Task23.csproj", "{E4AF134F-0235-482E-8574-4E45113D38A2}"
EndProject
Project("{9A19103F-16F7-4668-BE54-9A1E7A4F7556}") = "Practice2.Task24", "Practice2\Practice2.Task24\Practice2.Task24.csproj", "{6E751473-FC6A-485B-9028-46787FC2B51A}"
EndProject
Project("{9A19103F-16F7-4668-BE54-9A1E7A4F7556}") = "Practice2.Task25", "Practice2\Practice2.Task25\Practice2.Task25.csproj", "{DCAF7B37-A1E8-44DA-87DE-92249DBBAAA8}"
EndProject
Project("{2150E333-8FDC-42A3-9474-1A3956D46DE8}") = "Practice3", "Practice3", "{E7E3AC7E-851D-4F92-AD08-88A173BFED15}"
EndProject
Project("{9A19103F-16F7-4668-BE54-9A1E7A4F7556}") = "Practice3.Task1", "Practice3\Practice3.Task1\Practice3.Task1.csproj", "{97CAE6F3-8983-4719-B7B7-F938D19F0965}"
EndProject
Project("{9A19103F-16F7-4668-BE54-9A1E7A4F7556}") = "Practice3.Task2", "Practice3\Practice3.Task2\Practice3.Task2.csproj", "{CBDCB267-3A41-4E56-9036-A965DFB51D27}"
EndProject
Project("{9A19103F-16F7-4668-BE54-9A1E7A4F7556}") = "Practice3.Task3", "Practice3\Practice3.Task3\Practice3.Task3.csproj", "{222F99E1-1548-4849-BD89-4B8B2BA9DDD2}"
EndProject
Project("{9A19103F-16F7-4668-BE54-9A1E7A4F7556}") = "Practice3.Task4", "Practice3\Practice3.Task4\Practice3.Task4.csproj", "{663210C2-BCCC-42F3-9A04-EAEE9E41E75A}"
EndProject
Project("{9A19103F-16F7-4668-BE54-9A1E7A4F7556}") = "Practice3.Task5", "Practice3\Practice3.Task5\Practice3.Task5.csproj", "{616EC093-A7DA-4DC8-B9A7-F82A8569EEDB}"
EndProject
Project("{9A19103F-16F7-4668-BE54-9A1E7A4F7556}") = "Practice3.Task6", "Practice3\Practice3.Task6\Practice3.Task6.csproj", "{5C486C2E-367D-4FB1-BE90-61C57D0700DB}"
EndProject
Project("{9A19103F-16F7-4668-BE54-9A1E7A4F7556}") = "Practice3.Task7", "Practice3\Practice3.Task7\Practice3.Task7.csproj", "{6B2E5930-2617-4B29-829A-8779E1FC759C}"
EndProject
Project("{9A19103F-16F7-4668-BE54-9A1E7A4F7556}") = "Practice3.Task8", "Practice3\Practice3.Task8\Practice3.Task8.csproj", "{048CC60A-E733-422B-8E96-53962A13B006}"
EndProject
Project("{9A19103F-16F7-4668-BE54-9A1E7A4F7556}") = "Practice3.Task9", "Practice3\Practice3.Task9\Practice3.Task9.csproj", "{32423481-6A59-4D17-BC93-5ABB9AD2DE8B}"
EndProject
Project("{9A19103F-16F7-4668-BE54-9A1E7A4F7556}") = "Practice3.Task10", "Practice3\Practice3.Task10\Practice3.Task10.csproj", "{D72BD92D-D301-42D6-8B1C-2BEB163E7D45}"
EndProject
Project("{9A19103F-16F7-4668-BE54-9A1E7A4F7556}") = "Practice3.Task11", "Practice3\Practice3.Task11\Practice3.Task11.csproj", "{9AFC6F5C-803A-4FF2-8BB5-A3AF5403CA8F}"
EndProject
Project("{FAE04EC0-301F-11D3-BF4B-00C04F79EFBC}") = "Practice3Part2.Task1", "Practice3\Practice3Part2.Task1\Practice3Part2.Task1.csproj", "{B590D813-3F8C-4C68-814D-0A3B2D506B9E}"
EndProject
Project("{FAE04EC0-301F-11D3-BF4B-00C04F79EFBC}") = "Practice3Part2.Task2", "Practice3\Practice3Part2.Task2\Practice3Part2.Task2.csproj", "{779D648C-181A-4C29-8BA4-E757631D314E}"
EndProject
Project("{FAE04EC0-301F-11D3-BF4B-00C04F79EFBC}") = "Practice3Part2.Task3.1", "Practice3\Practice3Part2.Task3.1\Practice3Part2.Task3.1.csproj", "{903F4A1A-8499-47E9-AB43-FFFA3A29E6AE}"
EndProject
Project("{FAE04EC0-301F-11D3-BF4B-00C04F79EFBC}") = "Practice3Part2.Task3.2", "Practice3\Practice3Part2.Task3.2\Practice3Part2.Task3.2.csproj", "{CC024399-6CF4-4384-885F-29AF55BD1597}"
EndProject
Global
	GlobalSection(SolutionConfigurationPlatforms) = preSolution
		CheckIn|Any CPU = CheckIn|Any CPU
		Debug|Any CPU = Debug|Any CPU
		Release|Any CPU = Release|Any CPU
	EndGlobalSection
	GlobalSection(ProjectConfigurationPlatforms) = postSolution
		{9FC99F05-C4FA-49CA-B76D-C8B4623BCB71}.CheckIn|Any CPU.ActiveCfg = CheckIn|Any CPU
		{9FC99F05-C4FA-49CA-B76D-C8B4623BCB71}.CheckIn|Any CPU.Build.0 = CheckIn|Any CPU
		{9FC99F05-C4FA-49CA-B76D-C8B4623BCB71}.Debug|Any CPU.ActiveCfg = Debug|Any CPU
		{9FC99F05-C4FA-49CA-B76D-C8B4623BCB71}.Debug|Any CPU.Build.0 = Debug|Any CPU
		{9FC99F05-C4FA-49CA-B76D-C8B4623BCB71}.Release|Any CPU.ActiveCfg = Release|Any CPU
		{9FC99F05-C4FA-49CA-B76D-C8B4623BCB71}.Release|Any CPU.Build.0 = Release|Any CPU
		{9735E64F-698E-453A-B1B2-0E6B5A48EBCF}.CheckIn|Any CPU.ActiveCfg = Release|Any CPU
		{9735E64F-698E-453A-B1B2-0E6B5A48EBCF}.CheckIn|Any CPU.Build.0 = Release|Any CPU
		{9735E64F-698E-453A-B1B2-0E6B5A48EBCF}.Debug|Any CPU.ActiveCfg = Debug|Any CPU
		{9735E64F-698E-453A-B1B2-0E6B5A48EBCF}.Debug|Any CPU.Build.0 = Debug|Any CPU
		{9735E64F-698E-453A-B1B2-0E6B5A48EBCF}.Release|Any CPU.ActiveCfg = Release|Any CPU
		{9735E64F-698E-453A-B1B2-0E6B5A48EBCF}.Release|Any CPU.Build.0 = Release|Any CPU
		{D0D55160-F6A7-4F47-9FE2-23BBA62E9D38}.CheckIn|Any CPU.ActiveCfg = Release|Any CPU
		{D0D55160-F6A7-4F47-9FE2-23BBA62E9D38}.CheckIn|Any CPU.Build.0 = Release|Any CPU
		{D0D55160-F6A7-4F47-9FE2-23BBA62E9D38}.Debug|Any CPU.ActiveCfg = Debug|Any CPU
		{D0D55160-F6A7-4F47-9FE2-23BBA62E9D38}.Debug|Any CPU.Build.0 = Debug|Any CPU
		{D0D55160-F6A7-4F47-9FE2-23BBA62E9D38}.Release|Any CPU.ActiveCfg = Release|Any CPU
		{D0D55160-F6A7-4F47-9FE2-23BBA62E9D38}.Release|Any CPU.Build.0 = Release|Any CPU
		{1D357B9C-EB8D-41BD-887C-7C53C3AB9C33}.CheckIn|Any CPU.ActiveCfg = Debug|Any CPU
		{1D357B9C-EB8D-41BD-887C-7C53C3AB9C33}.CheckIn|Any CPU.Build.0 = Debug|Any CPU
		{1D357B9C-EB8D-41BD-887C-7C53C3AB9C33}.Debug|Any CPU.ActiveCfg = Debug|Any CPU
		{1D357B9C-EB8D-41BD-887C-7C53C3AB9C33}.Debug|Any CPU.Build.0 = Debug|Any CPU
		{1D357B9C-EB8D-41BD-887C-7C53C3AB9C33}.Release|Any CPU.ActiveCfg = Release|Any CPU
		{1D357B9C-EB8D-41BD-887C-7C53C3AB9C33}.Release|Any CPU.Build.0 = Release|Any CPU
		{8F1A03E4-386F-4E57-86DB-8F218F4DC356}.CheckIn|Any CPU.ActiveCfg = Debug|Any CPU
		{8F1A03E4-386F-4E57-86DB-8F218F4DC356}.CheckIn|Any CPU.Build.0 = Debug|Any CPU
		{8F1A03E4-386F-4E57-86DB-8F218F4DC356}.Debug|Any CPU.ActiveCfg = Debug|Any CPU
		{8F1A03E4-386F-4E57-86DB-8F218F4DC356}.Debug|Any CPU.Build.0 = Debug|Any CPU
		{8F1A03E4-386F-4E57-86DB-8F218F4DC356}.Release|Any CPU.ActiveCfg = Release|Any CPU
		{8F1A03E4-386F-4E57-86DB-8F218F4DC356}.Release|Any CPU.Build.0 = Release|Any CPU
		{F8AA883E-E3FB-4E0C-9403-6F3271E74E12}.CheckIn|Any CPU.ActiveCfg = Debug|Any CPU
		{F8AA883E-E3FB-4E0C-9403-6F3271E74E12}.CheckIn|Any CPU.Build.0 = Debug|Any CPU
		{F8AA883E-E3FB-4E0C-9403-6F3271E74E12}.Debug|Any CPU.ActiveCfg = Debug|Any CPU
		{F8AA883E-E3FB-4E0C-9403-6F3271E74E12}.Debug|Any CPU.Build.0 = Debug|Any CPU
		{F8AA883E-E3FB-4E0C-9403-6F3271E74E12}.Release|Any CPU.ActiveCfg = Release|Any CPU
		{F8AA883E-E3FB-4E0C-9403-6F3271E74E12}.Release|Any CPU.Build.0 = Release|Any CPU
		{B13C3876-258D-439A-B2E2-DBBE0750A141}.CheckIn|Any CPU.ActiveCfg = Debug|Any CPU
		{B13C3876-258D-439A-B2E2-DBBE0750A141}.CheckIn|Any CPU.Build.0 = Debug|Any CPU
		{B13C3876-258D-439A-B2E2-DBBE0750A141}.Debug|Any CPU.ActiveCfg = Debug|Any CPU
		{B13C3876-258D-439A-B2E2-DBBE0750A141}.Debug|Any CPU.Build.0 = Debug|Any CPU
		{B13C3876-258D-439A-B2E2-DBBE0750A141}.Release|Any CPU.ActiveCfg = Release|Any CPU
		{B13C3876-258D-439A-B2E2-DBBE0750A141}.Release|Any CPU.Build.0 = Release|Any CPU
		{23E0C9BA-87EA-4E98-BDCA-B58746843A9F}.CheckIn|Any CPU.ActiveCfg = Debug|Any CPU
		{23E0C9BA-87EA-4E98-BDCA-B58746843A9F}.CheckIn|Any CPU.Build.0 = Debug|Any CPU
		{23E0C9BA-87EA-4E98-BDCA-B58746843A9F}.Debug|Any CPU.ActiveCfg = Debug|Any CPU
		{23E0C9BA-87EA-4E98-BDCA-B58746843A9F}.Debug|Any CPU.Build.0 = Debug|Any CPU
		{23E0C9BA-87EA-4E98-BDCA-B58746843A9F}.Release|Any CPU.ActiveCfg = Release|Any CPU
		{23E0C9BA-87EA-4E98-BDCA-B58746843A9F}.Release|Any CPU.Build.0 = Release|Any CPU
		{E3DF24F2-D898-4E44-9187-2815E15B0A05}.CheckIn|Any CPU.ActiveCfg = Debug|Any CPU
		{E3DF24F2-D898-4E44-9187-2815E15B0A05}.CheckIn|Any CPU.Build.0 = Debug|Any CPU
		{E3DF24F2-D898-4E44-9187-2815E15B0A05}.Debug|Any CPU.ActiveCfg = Debug|Any CPU
		{E3DF24F2-D898-4E44-9187-2815E15B0A05}.Debug|Any CPU.Build.0 = Debug|Any CPU
		{E3DF24F2-D898-4E44-9187-2815E15B0A05}.Release|Any CPU.ActiveCfg = Release|Any CPU
		{E3DF24F2-D898-4E44-9187-2815E15B0A05}.Release|Any CPU.Build.0 = Release|Any CPU
		{FAD2E27D-D861-4669-A684-19C4F7B6E0F8}.CheckIn|Any CPU.ActiveCfg = Debug|Any CPU
		{FAD2E27D-D861-4669-A684-19C4F7B6E0F8}.CheckIn|Any CPU.Build.0 = Debug|Any CPU
		{FAD2E27D-D861-4669-A684-19C4F7B6E0F8}.Debug|Any CPU.ActiveCfg = Debug|Any CPU
		{FAD2E27D-D861-4669-A684-19C4F7B6E0F8}.Debug|Any CPU.Build.0 = Debug|Any CPU
		{FAD2E27D-D861-4669-A684-19C4F7B6E0F8}.Release|Any CPU.ActiveCfg = Release|Any CPU
		{FAD2E27D-D861-4669-A684-19C4F7B6E0F8}.Release|Any CPU.Build.0 = Release|Any CPU
		{0BD50B20-B16A-4A27-95DD-A3228879B5F4}.CheckIn|Any CPU.ActiveCfg = Debug|Any CPU
		{0BD50B20-B16A-4A27-95DD-A3228879B5F4}.CheckIn|Any CPU.Build.0 = Debug|Any CPU
		{0BD50B20-B16A-4A27-95DD-A3228879B5F4}.Debug|Any CPU.ActiveCfg = Debug|Any CPU
		{0BD50B20-B16A-4A27-95DD-A3228879B5F4}.Debug|Any CPU.Build.0 = Debug|Any CPU
		{0BD50B20-B16A-4A27-95DD-A3228879B5F4}.Release|Any CPU.ActiveCfg = Release|Any CPU
		{0BD50B20-B16A-4A27-95DD-A3228879B5F4}.Release|Any CPU.Build.0 = Release|Any CPU
		{87D0446F-5A57-4361-829E-E933A946FD8B}.CheckIn|Any CPU.ActiveCfg = Debug|Any CPU
		{87D0446F-5A57-4361-829E-E933A946FD8B}.CheckIn|Any CPU.Build.0 = Debug|Any CPU
		{87D0446F-5A57-4361-829E-E933A946FD8B}.Debug|Any CPU.ActiveCfg = Debug|Any CPU
		{87D0446F-5A57-4361-829E-E933A946FD8B}.Debug|Any CPU.Build.0 = Debug|Any CPU
		{87D0446F-5A57-4361-829E-E933A946FD8B}.Release|Any CPU.ActiveCfg = Release|Any CPU
		{87D0446F-5A57-4361-829E-E933A946FD8B}.Release|Any CPU.Build.0 = Release|Any CPU
		{DA906C42-4401-41E0-9821-821A3A3966A6}.CheckIn|Any CPU.ActiveCfg = Debug|Any CPU
		{DA906C42-4401-41E0-9821-821A3A3966A6}.CheckIn|Any CPU.Build.0 = Debug|Any CPU
		{DA906C42-4401-41E0-9821-821A3A3966A6}.Debug|Any CPU.ActiveCfg = Debug|Any CPU
		{DA906C42-4401-41E0-9821-821A3A3966A6}.Debug|Any CPU.Build.0 = Debug|Any CPU
		{DA906C42-4401-41E0-9821-821A3A3966A6}.Release|Any CPU.ActiveCfg = Release|Any CPU
		{DA906C42-4401-41E0-9821-821A3A3966A6}.Release|Any CPU.Build.0 = Release|Any CPU
		{070255DD-46E2-4316-A878-E9E65C9BADD6}.CheckIn|Any CPU.ActiveCfg = Debug|Any CPU
		{070255DD-46E2-4316-A878-E9E65C9BADD6}.CheckIn|Any CPU.Build.0 = Debug|Any CPU
		{070255DD-46E2-4316-A878-E9E65C9BADD6}.Debug|Any CPU.ActiveCfg = Debug|Any CPU
		{070255DD-46E2-4316-A878-E9E65C9BADD6}.Debug|Any CPU.Build.0 = Debug|Any CPU
		{070255DD-46E2-4316-A878-E9E65C9BADD6}.Release|Any CPU.ActiveCfg = Release|Any CPU
		{070255DD-46E2-4316-A878-E9E65C9BADD6}.Release|Any CPU.Build.0 = Release|Any CPU
		{BE8747BF-3B5B-4E78-993A-CB733BADAF08}.CheckIn|Any CPU.ActiveCfg = Debug|Any CPU
		{BE8747BF-3B5B-4E78-993A-CB733BADAF08}.CheckIn|Any CPU.Build.0 = Debug|Any CPU
		{BE8747BF-3B5B-4E78-993A-CB733BADAF08}.Debug|Any CPU.ActiveCfg = Debug|Any CPU
		{BE8747BF-3B5B-4E78-993A-CB733BADAF08}.Debug|Any CPU.Build.0 = Debug|Any CPU
		{BE8747BF-3B5B-4E78-993A-CB733BADAF08}.Release|Any CPU.ActiveCfg = Release|Any CPU
		{BE8747BF-3B5B-4E78-993A-CB733BADAF08}.Release|Any CPU.Build.0 = Release|Any CPU
		{CD81F1ED-73EC-4678-9A76-193C1AF1FFD5}.CheckIn|Any CPU.ActiveCfg = Debug|Any CPU
		{CD81F1ED-73EC-4678-9A76-193C1AF1FFD5}.CheckIn|Any CPU.Build.0 = Debug|Any CPU
		{CD81F1ED-73EC-4678-9A76-193C1AF1FFD5}.Debug|Any CPU.ActiveCfg = Debug|Any CPU
		{CD81F1ED-73EC-4678-9A76-193C1AF1FFD5}.Debug|Any CPU.Build.0 = Debug|Any CPU
		{CD81F1ED-73EC-4678-9A76-193C1AF1FFD5}.Release|Any CPU.ActiveCfg = Release|Any CPU
		{CD81F1ED-73EC-4678-9A76-193C1AF1FFD5}.Release|Any CPU.Build.0 = Release|Any CPU
		{9084CB8B-EFE2-435E-995D-901E42C0C8E9}.CheckIn|Any CPU.ActiveCfg = Debug|Any CPU
		{9084CB8B-EFE2-435E-995D-901E42C0C8E9}.CheckIn|Any CPU.Build.0 = Debug|Any CPU
		{9084CB8B-EFE2-435E-995D-901E42C0C8E9}.Debug|Any CPU.ActiveCfg = Debug|Any CPU
		{9084CB8B-EFE2-435E-995D-901E42C0C8E9}.Debug|Any CPU.Build.0 = Debug|Any CPU
		{9084CB8B-EFE2-435E-995D-901E42C0C8E9}.Release|Any CPU.ActiveCfg = Release|Any CPU
		{9084CB8B-EFE2-435E-995D-901E42C0C8E9}.Release|Any CPU.Build.0 = Release|Any CPU
		{DCB7E6AF-2DD1-498A-8E0E-E25F171D8B17}.CheckIn|Any CPU.ActiveCfg = Debug|Any CPU
		{DCB7E6AF-2DD1-498A-8E0E-E25F171D8B17}.CheckIn|Any CPU.Build.0 = Debug|Any CPU
		{DCB7E6AF-2DD1-498A-8E0E-E25F171D8B17}.Debug|Any CPU.ActiveCfg = Debug|Any CPU
		{DCB7E6AF-2DD1-498A-8E0E-E25F171D8B17}.Debug|Any CPU.Build.0 = Debug|Any CPU
		{DCB7E6AF-2DD1-498A-8E0E-E25F171D8B17}.Release|Any CPU.ActiveCfg = Release|Any CPU
		{DCB7E6AF-2DD1-498A-8E0E-E25F171D8B17}.Release|Any CPU.Build.0 = Release|Any CPU
		{E7A1A50E-B888-4559-B6B4-5405DFCF5A88}.CheckIn|Any CPU.ActiveCfg = Debug|Any CPU
		{E7A1A50E-B888-4559-B6B4-5405DFCF5A88}.CheckIn|Any CPU.Build.0 = Debug|Any CPU
		{E7A1A50E-B888-4559-B6B4-5405DFCF5A88}.Debug|Any CPU.ActiveCfg = Debug|Any CPU
		{E7A1A50E-B888-4559-B6B4-5405DFCF5A88}.Debug|Any CPU.Build.0 = Debug|Any CPU
		{E7A1A50E-B888-4559-B6B4-5405DFCF5A88}.Release|Any CPU.ActiveCfg = Release|Any CPU
		{E7A1A50E-B888-4559-B6B4-5405DFCF5A88}.Release|Any CPU.Build.0 = Release|Any CPU
		{697B0C76-4046-40AD-86AA-BC310D4B11F9}.CheckIn|Any CPU.ActiveCfg = Debug|Any CPU
		{697B0C76-4046-40AD-86AA-BC310D4B11F9}.CheckIn|Any CPU.Build.0 = Debug|Any CPU
		{697B0C76-4046-40AD-86AA-BC310D4B11F9}.Debug|Any CPU.ActiveCfg = Debug|Any CPU
		{697B0C76-4046-40AD-86AA-BC310D4B11F9}.Debug|Any CPU.Build.0 = Debug|Any CPU
		{697B0C76-4046-40AD-86AA-BC310D4B11F9}.Release|Any CPU.ActiveCfg = Release|Any CPU
		{697B0C76-4046-40AD-86AA-BC310D4B11F9}.Release|Any CPU.Build.0 = Release|Any CPU
		{7C5E8F96-CC3B-4E07-A605-2104FA56E9A2}.CheckIn|Any CPU.ActiveCfg = Debug|Any CPU
		{7C5E8F96-CC3B-4E07-A605-2104FA56E9A2}.CheckIn|Any CPU.Build.0 = Debug|Any CPU
		{7C5E8F96-CC3B-4E07-A605-2104FA56E9A2}.Debug|Any CPU.ActiveCfg = Debug|Any CPU
		{7C5E8F96-CC3B-4E07-A605-2104FA56E9A2}.Debug|Any CPU.Build.0 = Debug|Any CPU
		{7C5E8F96-CC3B-4E07-A605-2104FA56E9A2}.Release|Any CPU.ActiveCfg = Release|Any CPU
		{7C5E8F96-CC3B-4E07-A605-2104FA56E9A2}.Release|Any CPU.Build.0 = Release|Any CPU
		{C95C4390-9DE4-4FDA-A72B-5B9D47571DF6}.CheckIn|Any CPU.ActiveCfg = Debug|Any CPU
		{C95C4390-9DE4-4FDA-A72B-5B9D47571DF6}.CheckIn|Any CPU.Build.0 = Debug|Any CPU
		{C95C4390-9DE4-4FDA-A72B-5B9D47571DF6}.Debug|Any CPU.ActiveCfg = Debug|Any CPU
		{C95C4390-9DE4-4FDA-A72B-5B9D47571DF6}.Debug|Any CPU.Build.0 = Debug|Any CPU
		{C95C4390-9DE4-4FDA-A72B-5B9D47571DF6}.Release|Any CPU.ActiveCfg = Release|Any CPU
		{C95C4390-9DE4-4FDA-A72B-5B9D47571DF6}.Release|Any CPU.Build.0 = Release|Any CPU
		{A1FAEE04-9C49-4C6D-8ABF-9D01A080D378}.CheckIn|Any CPU.ActiveCfg = Debug|Any CPU
		{A1FAEE04-9C49-4C6D-8ABF-9D01A080D378}.CheckIn|Any CPU.Build.0 = Debug|Any CPU
		{A1FAEE04-9C49-4C6D-8ABF-9D01A080D378}.Debug|Any CPU.ActiveCfg = Debug|Any CPU
		{A1FAEE04-9C49-4C6D-8ABF-9D01A080D378}.Debug|Any CPU.Build.0 = Debug|Any CPU
		{A1FAEE04-9C49-4C6D-8ABF-9D01A080D378}.Release|Any CPU.ActiveCfg = Release|Any CPU
		{A1FAEE04-9C49-4C6D-8ABF-9D01A080D378}.Release|Any CPU.Build.0 = Release|Any CPU
		{C757DB14-A733-4595-B04C-66A272FFB254}.CheckIn|Any CPU.ActiveCfg = Debug|Any CPU
		{C757DB14-A733-4595-B04C-66A272FFB254}.CheckIn|Any CPU.Build.0 = Debug|Any CPU
		{C757DB14-A733-4595-B04C-66A272FFB254}.Debug|Any CPU.ActiveCfg = Debug|Any CPU
		{C757DB14-A733-4595-B04C-66A272FFB254}.Debug|Any CPU.Build.0 = Debug|Any CPU
		{C757DB14-A733-4595-B04C-66A272FFB254}.Release|Any CPU.ActiveCfg = Release|Any CPU
		{C757DB14-A733-4595-B04C-66A272FFB254}.Release|Any CPU.Build.0 = Release|Any CPU
		{D3539AFD-5DD5-408C-82C5-A65BCCE40D4E}.CheckIn|Any CPU.ActiveCfg = Debug|Any CPU
		{D3539AFD-5DD5-408C-82C5-A65BCCE40D4E}.CheckIn|Any CPU.Build.0 = Debug|Any CPU
		{D3539AFD-5DD5-408C-82C5-A65BCCE40D4E}.Debug|Any CPU.ActiveCfg = Debug|Any CPU
		{D3539AFD-5DD5-408C-82C5-A65BCCE40D4E}.Debug|Any CPU.Build.0 = Debug|Any CPU
		{D3539AFD-5DD5-408C-82C5-A65BCCE40D4E}.Release|Any CPU.ActiveCfg = Release|Any CPU
		{D3539AFD-5DD5-408C-82C5-A65BCCE40D4E}.Release|Any CPU.Build.0 = Release|Any CPU
		{56544529-F169-4A3F-A54F-595A212FEC3A}.CheckIn|Any CPU.ActiveCfg = Debug|Any CPU
		{56544529-F169-4A3F-A54F-595A212FEC3A}.CheckIn|Any CPU.Build.0 = Debug|Any CPU
		{56544529-F169-4A3F-A54F-595A212FEC3A}.Debug|Any CPU.ActiveCfg = Debug|Any CPU
		{56544529-F169-4A3F-A54F-595A212FEC3A}.Debug|Any CPU.Build.0 = Debug|Any CPU
		{56544529-F169-4A3F-A54F-595A212FEC3A}.Release|Any CPU.ActiveCfg = Release|Any CPU
		{56544529-F169-4A3F-A54F-595A212FEC3A}.Release|Any CPU.Build.0 = Release|Any CPU
		{E69CCA64-67E9-47E0-8BB7-DA78F872101E}.CheckIn|Any CPU.ActiveCfg = Debug|Any CPU
		{E69CCA64-67E9-47E0-8BB7-DA78F872101E}.CheckIn|Any CPU.Build.0 = Debug|Any CPU
		{E69CCA64-67E9-47E0-8BB7-DA78F872101E}.Debug|Any CPU.ActiveCfg = Debug|Any CPU
		{E69CCA64-67E9-47E0-8BB7-DA78F872101E}.Debug|Any CPU.Build.0 = Debug|Any CPU
		{E69CCA64-67E9-47E0-8BB7-DA78F872101E}.Release|Any CPU.ActiveCfg = Release|Any CPU
		{E69CCA64-67E9-47E0-8BB7-DA78F872101E}.Release|Any CPU.Build.0 = Release|Any CPU
		{0C2D6F55-22E7-4970-AE97-E209A1ADD55C}.CheckIn|Any CPU.ActiveCfg = Debug|Any CPU
		{0C2D6F55-22E7-4970-AE97-E209A1ADD55C}.CheckIn|Any CPU.Build.0 = Debug|Any CPU
		{0C2D6F55-22E7-4970-AE97-E209A1ADD55C}.Debug|Any CPU.ActiveCfg = Debug|Any CPU
		{0C2D6F55-22E7-4970-AE97-E209A1ADD55C}.Debug|Any CPU.Build.0 = Debug|Any CPU
		{0C2D6F55-22E7-4970-AE97-E209A1ADD55C}.Release|Any CPU.ActiveCfg = Release|Any CPU
		{0C2D6F55-22E7-4970-AE97-E209A1ADD55C}.Release|Any CPU.Build.0 = Release|Any CPU
		{B03B8691-B296-4B01-AF0F-3F138D551D9D}.CheckIn|Any CPU.ActiveCfg = Debug|Any CPU
		{B03B8691-B296-4B01-AF0F-3F138D551D9D}.CheckIn|Any CPU.Build.0 = Debug|Any CPU
		{B03B8691-B296-4B01-AF0F-3F138D551D9D}.Debug|Any CPU.ActiveCfg = Debug|Any CPU
		{B03B8691-B296-4B01-AF0F-3F138D551D9D}.Debug|Any CPU.Build.0 = Debug|Any CPU
		{B03B8691-B296-4B01-AF0F-3F138D551D9D}.Release|Any CPU.ActiveCfg = Release|Any CPU
		{B03B8691-B296-4B01-AF0F-3F138D551D9D}.Release|Any CPU.Build.0 = Release|Any CPU
		{6D5C7D01-80F6-4D95-AD8B-41FB7CBA7852}.CheckIn|Any CPU.ActiveCfg = Debug|Any CPU
		{6D5C7D01-80F6-4D95-AD8B-41FB7CBA7852}.CheckIn|Any CPU.Build.0 = Debug|Any CPU
		{6D5C7D01-80F6-4D95-AD8B-41FB7CBA7852}.Debug|Any CPU.ActiveCfg = Debug|Any CPU
		{6D5C7D01-80F6-4D95-AD8B-41FB7CBA7852}.Debug|Any CPU.Build.0 = Debug|Any CPU
		{6D5C7D01-80F6-4D95-AD8B-41FB7CBA7852}.Release|Any CPU.ActiveCfg = Release|Any CPU
		{6D5C7D01-80F6-4D95-AD8B-41FB7CBA7852}.Release|Any CPU.Build.0 = Release|Any CPU
		{E4AF134F-0235-482E-8574-4E45113D38A2}.CheckIn|Any CPU.ActiveCfg = Debug|Any CPU
		{E4AF134F-0235-482E-8574-4E45113D38A2}.CheckIn|Any CPU.Build.0 = Debug|Any CPU
		{E4AF134F-0235-482E-8574-4E45113D38A2}.Debug|Any CPU.ActiveCfg = Debug|Any CPU
		{E4AF134F-0235-482E-8574-4E45113D38A2}.Debug|Any CPU.Build.0 = Debug|Any CPU
		{E4AF134F-0235-482E-8574-4E45113D38A2}.Release|Any CPU.ActiveCfg = Release|Any CPU
		{E4AF134F-0235-482E-8574-4E45113D38A2}.Release|Any CPU.Build.0 = Release|Any CPU
		{6E751473-FC6A-485B-9028-46787FC2B51A}.CheckIn|Any CPU.ActiveCfg = Debug|Any CPU
		{6E751473-FC6A-485B-9028-46787FC2B51A}.CheckIn|Any CPU.Build.0 = Debug|Any CPU
		{6E751473-FC6A-485B-9028-46787FC2B51A}.Debug|Any CPU.ActiveCfg = Debug|Any CPU
		{6E751473-FC6A-485B-9028-46787FC2B51A}.Debug|Any CPU.Build.0 = Debug|Any CPU
		{6E751473-FC6A-485B-9028-46787FC2B51A}.Release|Any CPU.ActiveCfg = Release|Any CPU
		{6E751473-FC6A-485B-9028-46787FC2B51A}.Release|Any CPU.Build.0 = Release|Any CPU
		{DCAF7B37-A1E8-44DA-87DE-92249DBBAAA8}.CheckIn|Any CPU.ActiveCfg = Debug|Any CPU
		{DCAF7B37-A1E8-44DA-87DE-92249DBBAAA8}.CheckIn|Any CPU.Build.0 = Debug|Any CPU
		{DCAF7B37-A1E8-44DA-87DE-92249DBBAAA8}.Debug|Any CPU.ActiveCfg = Debug|Any CPU
		{DCAF7B37-A1E8-44DA-87DE-92249DBBAAA8}.Debug|Any CPU.Build.0 = Debug|Any CPU
		{DCAF7B37-A1E8-44DA-87DE-92249DBBAAA8}.Release|Any CPU.ActiveCfg = Release|Any CPU
		{DCAF7B37-A1E8-44DA-87DE-92249DBBAAA8}.Release|Any CPU.Build.0 = Release|Any CPU
		{97CAE6F3-8983-4719-B7B7-F938D19F0965}.CheckIn|Any CPU.ActiveCfg = Debug|Any CPU
		{97CAE6F3-8983-4719-B7B7-F938D19F0965}.CheckIn|Any CPU.Build.0 = Debug|Any CPU
		{97CAE6F3-8983-4719-B7B7-F938D19F0965}.Debug|Any CPU.ActiveCfg = Debug|Any CPU
		{97CAE6F3-8983-4719-B7B7-F938D19F0965}.Debug|Any CPU.Build.0 = Debug|Any CPU
		{97CAE6F3-8983-4719-B7B7-F938D19F0965}.Release|Any CPU.ActiveCfg = Release|Any CPU
		{97CAE6F3-8983-4719-B7B7-F938D19F0965}.Release|Any CPU.Build.0 = Release|Any CPU
		{CBDCB267-3A41-4E56-9036-A965DFB51D27}.CheckIn|Any CPU.ActiveCfg = Debug|Any CPU
		{CBDCB267-3A41-4E56-9036-A965DFB51D27}.CheckIn|Any CPU.Build.0 = Debug|Any CPU
		{CBDCB267-3A41-4E56-9036-A965DFB51D27}.Debug|Any CPU.ActiveCfg = Debug|Any CPU
		{CBDCB267-3A41-4E56-9036-A965DFB51D27}.Debug|Any CPU.Build.0 = Debug|Any CPU
		{CBDCB267-3A41-4E56-9036-A965DFB51D27}.Release|Any CPU.ActiveCfg = Release|Any CPU
		{CBDCB267-3A41-4E56-9036-A965DFB51D27}.Release|Any CPU.Build.0 = Release|Any CPU
		{222F99E1-1548-4849-BD89-4B8B2BA9DDD2}.CheckIn|Any CPU.ActiveCfg = Debug|Any CPU
		{222F99E1-1548-4849-BD89-4B8B2BA9DDD2}.CheckIn|Any CPU.Build.0 = Debug|Any CPU
		{222F99E1-1548-4849-BD89-4B8B2BA9DDD2}.Debug|Any CPU.ActiveCfg = Debug|Any CPU
		{222F99E1-1548-4849-BD89-4B8B2BA9DDD2}.Debug|Any CPU.Build.0 = Debug|Any CPU
		{222F99E1-1548-4849-BD89-4B8B2BA9DDD2}.Release|Any CPU.ActiveCfg = Release|Any CPU
		{222F99E1-1548-4849-BD89-4B8B2BA9DDD2}.Release|Any CPU.Build.0 = Release|Any CPU
		{663210C2-BCCC-42F3-9A04-EAEE9E41E75A}.CheckIn|Any CPU.ActiveCfg = Debug|Any CPU
		{663210C2-BCCC-42F3-9A04-EAEE9E41E75A}.CheckIn|Any CPU.Build.0 = Debug|Any CPU
		{663210C2-BCCC-42F3-9A04-EAEE9E41E75A}.Debug|Any CPU.ActiveCfg = Debug|Any CPU
		{663210C2-BCCC-42F3-9A04-EAEE9E41E75A}.Debug|Any CPU.Build.0 = Debug|Any CPU
		{663210C2-BCCC-42F3-9A04-EAEE9E41E75A}.Release|Any CPU.ActiveCfg = Release|Any CPU
		{663210C2-BCCC-42F3-9A04-EAEE9E41E75A}.Release|Any CPU.Build.0 = Release|Any CPU
		{616EC093-A7DA-4DC8-B9A7-F82A8569EEDB}.CheckIn|Any CPU.ActiveCfg = Debug|Any CPU
		{616EC093-A7DA-4DC8-B9A7-F82A8569EEDB}.CheckIn|Any CPU.Build.0 = Debug|Any CPU
		{616EC093-A7DA-4DC8-B9A7-F82A8569EEDB}.Debug|Any CPU.ActiveCfg = Debug|Any CPU
		{616EC093-A7DA-4DC8-B9A7-F82A8569EEDB}.Debug|Any CPU.Build.0 = Debug|Any CPU
		{616EC093-A7DA-4DC8-B9A7-F82A8569EEDB}.Release|Any CPU.ActiveCfg = Release|Any CPU
		{616EC093-A7DA-4DC8-B9A7-F82A8569EEDB}.Release|Any CPU.Build.0 = Release|Any CPU
		{5C486C2E-367D-4FB1-BE90-61C57D0700DB}.CheckIn|Any CPU.ActiveCfg = Debug|Any CPU
		{5C486C2E-367D-4FB1-BE90-61C57D0700DB}.CheckIn|Any CPU.Build.0 = Debug|Any CPU
		{5C486C2E-367D-4FB1-BE90-61C57D0700DB}.Debug|Any CPU.ActiveCfg = Debug|Any CPU
		{5C486C2E-367D-4FB1-BE90-61C57D0700DB}.Debug|Any CPU.Build.0 = Debug|Any CPU
		{5C486C2E-367D-4FB1-BE90-61C57D0700DB}.Release|Any CPU.ActiveCfg = Release|Any CPU
		{5C486C2E-367D-4FB1-BE90-61C57D0700DB}.Release|Any CPU.Build.0 = Release|Any CPU
		{6B2E5930-2617-4B29-829A-8779E1FC759C}.CheckIn|Any CPU.ActiveCfg = Debug|Any CPU
		{6B2E5930-2617-4B29-829A-8779E1FC759C}.CheckIn|Any CPU.Build.0 = Debug|Any CPU
		{6B2E5930-2617-4B29-829A-8779E1FC759C}.Debug|Any CPU.ActiveCfg = Debug|Any CPU
		{6B2E5930-2617-4B29-829A-8779E1FC759C}.Debug|Any CPU.Build.0 = Debug|Any CPU
		{6B2E5930-2617-4B29-829A-8779E1FC759C}.Release|Any CPU.ActiveCfg = Release|Any CPU
		{6B2E5930-2617-4B29-829A-8779E1FC759C}.Release|Any CPU.Build.0 = Release|Any CPU
		{048CC60A-E733-422B-8E96-53962A13B006}.CheckIn|Any CPU.ActiveCfg = Debug|Any CPU
		{048CC60A-E733-422B-8E96-53962A13B006}.CheckIn|Any CPU.Build.0 = Debug|Any CPU
		{048CC60A-E733-422B-8E96-53962A13B006}.Debug|Any CPU.ActiveCfg = Debug|Any CPU
		{048CC60A-E733-422B-8E96-53962A13B006}.Debug|Any CPU.Build.0 = Debug|Any CPU
		{048CC60A-E733-422B-8E96-53962A13B006}.Release|Any CPU.ActiveCfg = Release|Any CPU
		{048CC60A-E733-422B-8E96-53962A13B006}.Release|Any CPU.Build.0 = Release|Any CPU
		{32423481-6A59-4D17-BC93-5ABB9AD2DE8B}.CheckIn|Any CPU.ActiveCfg = Debug|Any CPU
		{32423481-6A59-4D17-BC93-5ABB9AD2DE8B}.CheckIn|Any CPU.Build.0 = Debug|Any CPU
		{32423481-6A59-4D17-BC93-5ABB9AD2DE8B}.Debug|Any CPU.ActiveCfg = Debug|Any CPU
		{32423481-6A59-4D17-BC93-5ABB9AD2DE8B}.Debug|Any CPU.Build.0 = Debug|Any CPU
		{32423481-6A59-4D17-BC93-5ABB9AD2DE8B}.Release|Any CPU.ActiveCfg = Release|Any CPU
		{32423481-6A59-4D17-BC93-5ABB9AD2DE8B}.Release|Any CPU.Build.0 = Release|Any CPU
		{D72BD92D-D301-42D6-8B1C-2BEB163E7D45}.CheckIn|Any CPU.ActiveCfg = Debug|Any CPU
		{D72BD92D-D301-42D6-8B1C-2BEB163E7D45}.CheckIn|Any CPU.Build.0 = Debug|Any CPU
		{D72BD92D-D301-42D6-8B1C-2BEB163E7D45}.Debug|Any CPU.ActiveCfg = Debug|Any CPU
		{D72BD92D-D301-42D6-8B1C-2BEB163E7D45}.Debug|Any CPU.Build.0 = Debug|Any CPU
		{D72BD92D-D301-42D6-8B1C-2BEB163E7D45}.Release|Any CPU.ActiveCfg = Release|Any CPU
		{D72BD92D-D301-42D6-8B1C-2BEB163E7D45}.Release|Any CPU.Build.0 = Release|Any CPU
		{9AFC6F5C-803A-4FF2-8BB5-A3AF5403CA8F}.CheckIn|Any CPU.ActiveCfg = Debug|Any CPU
		{9AFC6F5C-803A-4FF2-8BB5-A3AF5403CA8F}.CheckIn|Any CPU.Build.0 = Debug|Any CPU
		{9AFC6F5C-803A-4FF2-8BB5-A3AF5403CA8F}.Debug|Any CPU.ActiveCfg = Debug|Any CPU
		{9AFC6F5C-803A-4FF2-8BB5-A3AF5403CA8F}.Debug|Any CPU.Build.0 = Debug|Any CPU
		{9AFC6F5C-803A-4FF2-8BB5-A3AF5403CA8F}.Release|Any CPU.ActiveCfg = Release|Any CPU
		{9AFC6F5C-803A-4FF2-8BB5-A3AF5403CA8F}.Release|Any CPU.Build.0 = Release|Any CPU
		{B590D813-3F8C-4C68-814D-0A3B2D506B9E}.CheckIn|Any CPU.ActiveCfg = Debug|Any CPU
		{B590D813-3F8C-4C68-814D-0A3B2D506B9E}.CheckIn|Any CPU.Build.0 = Debug|Any CPU
		{B590D813-3F8C-4C68-814D-0A3B2D506B9E}.Debug|Any CPU.ActiveCfg = Debug|Any CPU
		{B590D813-3F8C-4C68-814D-0A3B2D506B9E}.Debug|Any CPU.Build.0 = Debug|Any CPU
		{B590D813-3F8C-4C68-814D-0A3B2D506B9E}.Release|Any CPU.ActiveCfg = Release|Any CPU
		{B590D813-3F8C-4C68-814D-0A3B2D506B9E}.Release|Any CPU.Build.0 = Release|Any CPU
		{779D648C-181A-4C29-8BA4-E757631D314E}.CheckIn|Any CPU.ActiveCfg = Debug|Any CPU
		{779D648C-181A-4C29-8BA4-E757631D314E}.CheckIn|Any CPU.Build.0 = Debug|Any CPU
		{779D648C-181A-4C29-8BA4-E757631D314E}.Debug|Any CPU.ActiveCfg = Debug|Any CPU
		{779D648C-181A-4C29-8BA4-E757631D314E}.Debug|Any CPU.Build.0 = Debug|Any CPU
		{779D648C-181A-4C29-8BA4-E757631D314E}.Release|Any CPU.ActiveCfg = Release|Any CPU
		{779D648C-181A-4C29-8BA4-E757631D314E}.Release|Any CPU.Build.0 = Release|Any CPU
		{903F4A1A-8499-47E9-AB43-FFFA3A29E6AE}.CheckIn|Any CPU.ActiveCfg = Debug|Any CPU
		{903F4A1A-8499-47E9-AB43-FFFA3A29E6AE}.CheckIn|Any CPU.Build.0 = Debug|Any CPU
		{903F4A1A-8499-47E9-AB43-FFFA3A29E6AE}.Debug|Any CPU.ActiveCfg = Debug|Any CPU
		{903F4A1A-8499-47E9-AB43-FFFA3A29E6AE}.Debug|Any CPU.Build.0 = Debug|Any CPU
		{903F4A1A-8499-47E9-AB43-FFFA3A29E6AE}.Release|Any CPU.ActiveCfg = Release|Any CPU
		{903F4A1A-8499-47E9-AB43-FFFA3A29E6AE}.Release|Any CPU.Build.0 = Release|Any CPU
		{CC024399-6CF4-4384-885F-29AF55BD1597}.CheckIn|Any CPU.ActiveCfg = Debug|Any CPU
		{CC024399-6CF4-4384-885F-29AF55BD1597}.CheckIn|Any CPU.Build.0 = Debug|Any CPU
		{CC024399-6CF4-4384-885F-29AF55BD1597}.Debug|Any CPU.ActiveCfg = Debug|Any CPU
		{CC024399-6CF4-4384-885F-29AF55BD1597}.Debug|Any CPU.Build.0 = Debug|Any CPU
		{CC024399-6CF4-4384-885F-29AF55BD1597}.Release|Any CPU.ActiveCfg = Release|Any CPU
		{CC024399-6CF4-4384-885F-29AF55BD1597}.Release|Any CPU.Build.0 = Release|Any CPU
	EndGlobalSection
	GlobalSection(SolutionProperties) = preSolution
		HideSolutionNode = FALSE
	EndGlobalSection
	GlobalSection(NestedProjects) = preSolution
		{9735E64F-698E-453A-B1B2-0E6B5A48EBCF} = {A4EDF6E7-E988-4D05-B0DF-9E823D47E204}
		{D0D55160-F6A7-4F47-9FE2-23BBA62E9D38} = {A4EDF6E7-E988-4D05-B0DF-9E823D47E204}
		{1D357B9C-EB8D-41BD-887C-7C53C3AB9C33} = {A4EDF6E7-E988-4D05-B0DF-9E823D47E204}
		{8F1A03E4-386F-4E57-86DB-8F218F4DC356} = {A4EDF6E7-E988-4D05-B0DF-9E823D47E204}
		{F8AA883E-E3FB-4E0C-9403-6F3271E74E12} = {A4EDF6E7-E988-4D05-B0DF-9E823D47E204}
		{B13C3876-258D-439A-B2E2-DBBE0750A141} = {A4EDF6E7-E988-4D05-B0DF-9E823D47E204}
		{23E0C9BA-87EA-4E98-BDCA-B58746843A9F} = {A4EDF6E7-E988-4D05-B0DF-9E823D47E204}
		{E3DF24F2-D898-4E44-9187-2815E15B0A05} = {B2F449B6-0700-486A-A68B-D6A64A97D142}
		{FAD2E27D-D861-4669-A684-19C4F7B6E0F8} = {B2F449B6-0700-486A-A68B-D6A64A97D142}
		{0BD50B20-B16A-4A27-95DD-A3228879B5F4} = {B2F449B6-0700-486A-A68B-D6A64A97D142}
		{87D0446F-5A57-4361-829E-E933A946FD8B} = {B2F449B6-0700-486A-A68B-D6A64A97D142}
		{DA906C42-4401-41E0-9821-821A3A3966A6} = {B2F449B6-0700-486A-A68B-D6A64A97D142}
		{070255DD-46E2-4316-A878-E9E65C9BADD6} = {B2F449B6-0700-486A-A68B-D6A64A97D142}
		{BE8747BF-3B5B-4E78-993A-CB733BADAF08} = {B2F449B6-0700-486A-A68B-D6A64A97D142}
		{CD81F1ED-73EC-4678-9A76-193C1AF1FFD5} = {B2F449B6-0700-486A-A68B-D6A64A97D142}
		{9084CB8B-EFE2-435E-995D-901E42C0C8E9} = {B2F449B6-0700-486A-A68B-D6A64A97D142}
		{DCB7E6AF-2DD1-498A-8E0E-E25F171D8B17} = {B2F449B6-0700-486A-A68B-D6A64A97D142}
		{E7A1A50E-B888-4559-B6B4-5405DFCF5A88} = {B2F449B6-0700-486A-A68B-D6A64A97D142}
		{697B0C76-4046-40AD-86AA-BC310D4B11F9} = {B2F449B6-0700-486A-A68B-D6A64A97D142}
		{7C5E8F96-CC3B-4E07-A605-2104FA56E9A2} = {B2F449B6-0700-486A-A68B-D6A64A97D142}
		{C95C4390-9DE4-4FDA-A72B-5B9D47571DF6} = {B2F449B6-0700-486A-A68B-D6A64A97D142}
		{A1FAEE04-9C49-4C6D-8ABF-9D01A080D378} = {B2F449B6-0700-486A-A68B-D6A64A97D142}
		{C757DB14-A733-4595-B04C-66A272FFB254} = {B2F449B6-0700-486A-A68B-D6A64A97D142}
		{D3539AFD-5DD5-408C-82C5-A65BCCE40D4E} = {B2F449B6-0700-486A-A68B-D6A64A97D142}
		{56544529-F169-4A3F-A54F-595A212FEC3A} = {B2F449B6-0700-486A-A68B-D6A64A97D142}
		{E69CCA64-67E9-47E0-8BB7-DA78F872101E} = {B2F449B6-0700-486A-A68B-D6A64A97D142}
		{0C2D6F55-22E7-4970-AE97-E209A1ADD55C} = {B2F449B6-0700-486A-A68B-D6A64A97D142}
		{B03B8691-B296-4B01-AF0F-3F138D551D9D} = {B2F449B6-0700-486A-A68B-D6A64A97D142}
		{6D5C7D01-80F6-4D95-AD8B-41FB7CBA7852} = {B2F449B6-0700-486A-A68B-D6A64A97D142}
		{E4AF134F-0235-482E-8574-4E45113D38A2} = {B2F449B6-0700-486A-A68B-D6A64A97D142}
		{6E751473-FC6A-485B-9028-46787FC2B51A} = {B2F449B6-0700-486A-A68B-D6A64A97D142}
		{DCAF7B37-A1E8-44DA-87DE-92249DBBAAA8} = {B2F449B6-0700-486A-A68B-D6A64A97D142}
		{97CAE6F3-8983-4719-B7B7-F938D19F0965} = {E7E3AC7E-851D-4F92-AD08-88A173BFED15}
		{CBDCB267-3A41-4E56-9036-A965DFB51D27} = {E7E3AC7E-851D-4F92-AD08-88A173BFED15}
		{222F99E1-1548-4849-BD89-4B8B2BA9DDD2} = {E7E3AC7E-851D-4F92-AD08-88A173BFED15}
		{663210C2-BCCC-42F3-9A04-EAEE9E41E75A} = {E7E3AC7E-851D-4F92-AD08-88A173BFED15}
		{616EC093-A7DA-4DC8-B9A7-F82A8569EEDB} = {E7E3AC7E-851D-4F92-AD08-88A173BFED15}
		{5C486C2E-367D-4FB1-BE90-61C57D0700DB} = {E7E3AC7E-851D-4F92-AD08-88A173BFED15}
		{6B2E5930-2617-4B29-829A-8779E1FC759C} = {E7E3AC7E-851D-4F92-AD08-88A173BFED15}
		{048CC60A-E733-422B-8E96-53962A13B006} = {E7E3AC7E-851D-4F92-AD08-88A173BFED15}
		{32423481-6A59-4D17-BC93-5ABB9AD2DE8B} = {E7E3AC7E-851D-4F92-AD08-88A173BFED15}
		{D72BD92D-D301-42D6-8B1C-2BEB163E7D45} = {E7E3AC7E-851D-4F92-AD08-88A173BFED15}
		{9AFC6F5C-803A-4FF2-8BB5-A3AF5403CA8F} = {E7E3AC7E-851D-4F92-AD08-88A173BFED15}
		{B590D813-3F8C-4C68-814D-0A3B2D506B9E} = {E7E3AC7E-851D-4F92-AD08-88A173BFED15}
		{779D648C-181A-4C29-8BA4-E757631D314E} = {E7E3AC7E-851D-4F92-AD08-88A173BFED15}
		{903F4A1A-8499-47E9-AB43-FFFA3A29E6AE} = {E7E3AC7E-851D-4F92-AD08-88A173BFED15}
		{CC024399-6CF4-4384-885F-29AF55BD1597} = {E7E3AC7E-851D-4F92-AD08-88A173BFED15}
	EndGlobalSection
	GlobalSection(ExtensibilityGlobals) = postSolution
		SolutionGuid = {6F0188C6-E576-46FA-B010-6B0327996B35}
	EndGlobalSection
EndGlobal
